
Microsoft Visual Studio Solution File, Format Version 12.00
# Visual Studio 14
VisualStudioVersion = 14.0.24720.0
MinimumVisualStudioVersion = 10.0.40219.1
Project("{FAE04EC0-301F-11D3-BF4B-00C04F79EFBC}") = "DispatcherConcept", "DispatcherConcept\DispatcherConcept.csproj", "{36BAF0DA-E428-49AF-BAAE-761850A76ECA}"
EndProject
Project("{FAE04EC0-301F-11D3-BF4B-00C04F79EFBC}") = "CountingApplication", "CountingApplication\CountingApplication.csproj", "{2BB4E44D-D3DC-4640-B8BF-D1393FCD605A}"
EndProject
Project("{FAE04EC0-301F-11D3-BF4B-00C04F79EFBC}") = "ShellApplication", "ShellApplication\ShellApplication.csproj", "{C0440A59-D46C-46B4-8629-A31DF95D2291}"
EndProject
Global
	GlobalSection(SolutionConfigurationPlatforms) = preSolution
		Debug|Any CPU = Debug|Any CPU
		Release|Any CPU = Release|Any CPU
	EndGlobalSection
	GlobalSection(ProjectConfigurationPlatforms) = postSolution
		{36BAF0DA-E428-49AF-BAAE-761850A76ECA}.Debug|Any CPU.ActiveCfg = Debug|Any CPU
		{36BAF0DA-E428-49AF-BAAE-761850A76ECA}.Debug|Any CPU.Build.0 = Debug|Any CPU
		{36BAF0DA-E428-49AF-BAAE-761850A76ECA}.Release|Any CPU.ActiveCfg = Release|Any CPU
		{36BAF0DA-E428-49AF-BAAE-761850A76ECA}.Release|Any CPU.Build.0 = Release|Any CPU
		{2BB4E44D-D3DC-4640-B8BF-D1393FCD605A}.Debug|Any CPU.ActiveCfg = Debug|Any CPU
		{2BB4E44D-D3DC-4640-B8BF-D1393FCD605A}.Debug|Any CPU.Build.0 = Debug|Any CPU
		{2BB4E44D-D3DC-4640-B8BF-D1393FCD605A}.Release|Any CPU.ActiveCfg = Release|Any CPU
		{2BB4E44D-D3DC-4640-B8BF-D1393FCD605A}.Release|Any CPU.Build.0 = Release|Any CPU
		{C0440A59-D46C-46B4-8629-A31DF95D2291}.Debug|Any CPU.ActiveCfg = Debug|Any CPU
		{C0440A59-D46C-46B4-8629-A31DF95D2291}.Debug|Any CPU.Build.0 = Debug|Any CPU
		{C0440A59-D46C-46B4-8629-A31DF95D2291}.Release|Any CPU.ActiveCfg = Release|Any CPU
		{C0440A59-D46C-46B4-8629-A31DF95D2291}.Release|Any CPU.Build.0 = Release|Any CPU
	EndGlobalSection
	GlobalSection(SolutionProperties) = preSolution
		HideSolutionNode = FALSE
	EndGlobalSection
EndGlobal
