
Microsoft Visual Studio Solution File, Format Version 12.00
# Visual Studio 2013
VisualStudioVersion = 12.0.31101.0
MinimumVisualStudioVersion = 10.0.40219.1
Project("{FAE04EC0-301F-11D3-BF4B-00C04F79EFBC}") = "StackPractice", "StackPractice\StackPractice.csproj", "{57E4AA30-DEF8-4F70-80AF-E2D33A15FD75}"
EndProject
Project("{FAE04EC0-301F-11D3-BF4B-00C04F79EFBC}") = "Shared", "Shared\Shared.csproj", "{5E036528-D03D-4B32-920A-92DBA1339DA8}"
EndProject
Global
	GlobalSection(SolutionConfigurationPlatforms) = preSolution
		Debug|Any CPU = Debug|Any CPU
		Release|Any CPU = Release|Any CPU
	EndGlobalSection
	GlobalSection(ProjectConfigurationPlatforms) = postSolution
		{57E4AA30-DEF8-4F70-80AF-E2D33A15FD75}.Debug|Any CPU.ActiveCfg = Debug|Any CPU
		{57E4AA30-DEF8-4F70-80AF-E2D33A15FD75}.Debug|Any CPU.Build.0 = Debug|Any CPU
		{57E4AA30-DEF8-4F70-80AF-E2D33A15FD75}.Release|Any CPU.ActiveCfg = Release|Any CPU
		{57E4AA30-DEF8-4F70-80AF-E2D33A15FD75}.Release|Any CPU.Build.0 = Release|Any CPU
		{5E036528-D03D-4B32-920A-92DBA1339DA8}.Debug|Any CPU.ActiveCfg = Debug|Any CPU
		{5E036528-D03D-4B32-920A-92DBA1339DA8}.Debug|Any CPU.Build.0 = Debug|Any CPU
		{5E036528-D03D-4B32-920A-92DBA1339DA8}.Release|Any CPU.ActiveCfg = Release|Any CPU
		{5E036528-D03D-4B32-920A-92DBA1339DA8}.Release|Any CPU.Build.0 = Release|Any CPU
	EndGlobalSection
	GlobalSection(SolutionProperties) = preSolution
		HideSolutionNode = FALSE
	EndGlobalSection
EndGlobal
