
Microsoft Visual Studio Solution File, Format Version 12.00
# Visual Studio 2013
VisualStudioVersion = 12.0.31101.0
MinimumVisualStudioVersion = 10.0.40219.1
Project("{2150E333-8FDC-42A3-9474-1A3956D46DE8}") = "0.Shared", "0.Shared", "{F9C9C5E0-365F-4273-8111-088038CDA561}"
EndProject
Project("{FAE04EC0-301F-11D3-BF4B-00C04F79EFBC}") = "Sid.Practice.Shared", "Sid.Practice.Shared\Sid.Practice.Shared.csproj", "{3A49CFA2-3138-44EF-8AC6-823CCE32E8AE}"
EndProject
Project("{2150E333-8FDC-42A3-9474-1A3956D46DE8}") = "2.Queue", "2.Queue", "{6ACBB9BB-87E2-4CEC-A94D-C80AD1FDAD5C}"
EndProject
Project("{2150E333-8FDC-42A3-9474-1A3956D46DE8}") = "1.Stack", "1.Stack", "{A0212538-DE38-4553-9570-BF04343712B0}"
EndProject
Project("{FAE04EC0-301F-11D3-BF4B-00C04F79EFBC}") = "Sid.Practice.Stack", "Sid.Practice.Stack\Sid.Practice.Stack.csproj", "{648C9196-EC82-4469-9BF5-C99877DA66CF}"
EndProject
Project("{FAE04EC0-301F-11D3-BF4B-00C04F79EFBC}") = "Sid.Practice.Queue", "Sid.Practice.Queue\Sid.Practice.Queue.csproj", "{C8967B87-8020-4514-B931-143AF759073F}"
EndProject
Project("{FAE04EC0-301F-11D3-BF4B-00C04F79EFBC}") = "RunApplicaiton", "RunApplicaiton\RunApplicaiton.csproj", "{D7D790CD-56CE-4E8A-9F49-27D4C6A7124A}"
EndProject
Project("{FAE04EC0-301F-11D3-BF4B-00C04F79EFBC}") = "Sid.Practice.PriorityQueue", "Sid.Practice.PriorityQueue\Sid.Practice.PriorityQueue.csproj", "{A431B919-785D-4131-B825-D07850BF8DBD}"
EndProject
Project("{2150E333-8FDC-42A3-9474-1A3956D46DE8}") = "3.Trees", "3.Trees", "{D3C9F2BB-1FE2-40FD-BAFE-6C15ABAA2638}"
EndProject
Project("{2150E333-8FDC-42A3-9474-1A3956D46DE8}") = "4.Graphs", "4.Graphs", "{B8384A90-5FCB-40B6-A929-9E51BBA5C134}"
EndProject
Project("{2150E333-8FDC-42A3-9474-1A3956D46DE8}") = "Problems", "Problems", "{0DE8F22E-E4B5-48E4-AA21-49147A4BF995}"
EndProject
Project("{FAE04EC0-301F-11D3-BF4B-00C04F79EFBC}") = "Sid.Practice.Graphs.DFS", "Sid.Practice.Graphs.DFS\Sid.Practice.Graphs.DFS.csproj", "{01D86E12-8904-4720-922C-E46C1975A604}"
EndProject
Project("{FAE04EC0-301F-11D3-BF4B-00C04F79EFBC}") = "Sid.Practice.Graphs.BFS", "Sid.Practice.Graphs.BFS\Sid.Practice.Graphs.BFS.csproj", "{9D9DA08D-6D3B-49D1-A116-24844568AFE0}"
EndProject
Project("{2150E333-8FDC-42A3-9474-1A3956D46DE8}") = "LinkedList", "LinkedList", "{A16A4E8D-1A71-4A8C-A33F-B1E35AD26346}"
EndProject
Project("{FAE04EC0-301F-11D3-BF4B-00C04F79EFBC}") = "Sid.Practice.Singly.LinkedList", "Sid.Practice.Singly.LinkedList\Sid.Practice.Singly.LinkedList.csproj", "{F7C4B3BA-4C43-4198-9AE3-2837C38F1609}"
EndProject
Global
	GlobalSection(SolutionConfigurationPlatforms) = preSolution
		Debug|Any CPU = Debug|Any CPU
		Release|Any CPU = Release|Any CPU
	EndGlobalSection
	GlobalSection(ProjectConfigurationPlatforms) = postSolution
		{3A49CFA2-3138-44EF-8AC6-823CCE32E8AE}.Debug|Any CPU.ActiveCfg = Debug|Any CPU
		{3A49CFA2-3138-44EF-8AC6-823CCE32E8AE}.Debug|Any CPU.Build.0 = Debug|Any CPU
		{3A49CFA2-3138-44EF-8AC6-823CCE32E8AE}.Release|Any CPU.ActiveCfg = Release|Any CPU
		{3A49CFA2-3138-44EF-8AC6-823CCE32E8AE}.Release|Any CPU.Build.0 = Release|Any CPU
		{648C9196-EC82-4469-9BF5-C99877DA66CF}.Debug|Any CPU.ActiveCfg = Debug|Any CPU
		{648C9196-EC82-4469-9BF5-C99877DA66CF}.Debug|Any CPU.Build.0 = Debug|Any CPU
		{648C9196-EC82-4469-9BF5-C99877DA66CF}.Release|Any CPU.ActiveCfg = Release|Any CPU
		{648C9196-EC82-4469-9BF5-C99877DA66CF}.Release|Any CPU.Build.0 = Release|Any CPU
		{C8967B87-8020-4514-B931-143AF759073F}.Debug|Any CPU.ActiveCfg = Debug|Any CPU
		{C8967B87-8020-4514-B931-143AF759073F}.Debug|Any CPU.Build.0 = Debug|Any CPU
		{C8967B87-8020-4514-B931-143AF759073F}.Release|Any CPU.ActiveCfg = Release|Any CPU
		{C8967B87-8020-4514-B931-143AF759073F}.Release|Any CPU.Build.0 = Release|Any CPU
		{D7D790CD-56CE-4E8A-9F49-27D4C6A7124A}.Debug|Any CPU.ActiveCfg = Debug|Any CPU
		{D7D790CD-56CE-4E8A-9F49-27D4C6A7124A}.Debug|Any CPU.Build.0 = Debug|Any CPU
		{D7D790CD-56CE-4E8A-9F49-27D4C6A7124A}.Release|Any CPU.ActiveCfg = Release|Any CPU
		{D7D790CD-56CE-4E8A-9F49-27D4C6A7124A}.Release|Any CPU.Build.0 = Release|Any CPU
		{A431B919-785D-4131-B825-D07850BF8DBD}.Debug|Any CPU.ActiveCfg = Debug|Any CPU
		{A431B919-785D-4131-B825-D07850BF8DBD}.Debug|Any CPU.Build.0 = Debug|Any CPU
		{A431B919-785D-4131-B825-D07850BF8DBD}.Release|Any CPU.ActiveCfg = Release|Any CPU
		{A431B919-785D-4131-B825-D07850BF8DBD}.Release|Any CPU.Build.0 = Release|Any CPU
		{01D86E12-8904-4720-922C-E46C1975A604}.Debug|Any CPU.ActiveCfg = Debug|Any CPU
		{01D86E12-8904-4720-922C-E46C1975A604}.Debug|Any CPU.Build.0 = Debug|Any CPU
		{01D86E12-8904-4720-922C-E46C1975A604}.Release|Any CPU.ActiveCfg = Release|Any CPU
		{01D86E12-8904-4720-922C-E46C1975A604}.Release|Any CPU.Build.0 = Release|Any CPU
		{9D9DA08D-6D3B-49D1-A116-24844568AFE0}.Debug|Any CPU.ActiveCfg = Debug|Any CPU
		{9D9DA08D-6D3B-49D1-A116-24844568AFE0}.Debug|Any CPU.Build.0 = Debug|Any CPU
		{9D9DA08D-6D3B-49D1-A116-24844568AFE0}.Release|Any CPU.ActiveCfg = Release|Any CPU
		{9D9DA08D-6D3B-49D1-A116-24844568AFE0}.Release|Any CPU.Build.0 = Release|Any CPU
		{F7C4B3BA-4C43-4198-9AE3-2837C38F1609}.Debug|Any CPU.ActiveCfg = Debug|Any CPU
		{F7C4B3BA-4C43-4198-9AE3-2837C38F1609}.Debug|Any CPU.Build.0 = Debug|Any CPU
		{F7C4B3BA-4C43-4198-9AE3-2837C38F1609}.Release|Any CPU.ActiveCfg = Release|Any CPU
		{F7C4B3BA-4C43-4198-9AE3-2837C38F1609}.Release|Any CPU.Build.0 = Release|Any CPU
	EndGlobalSection
	GlobalSection(SolutionProperties) = preSolution
		HideSolutionNode = FALSE
	EndGlobalSection
	GlobalSection(NestedProjects) = preSolution
		{3A49CFA2-3138-44EF-8AC6-823CCE32E8AE} = {F9C9C5E0-365F-4273-8111-088038CDA561}
		{648C9196-EC82-4469-9BF5-C99877DA66CF} = {A0212538-DE38-4553-9570-BF04343712B0}
		{C8967B87-8020-4514-B931-143AF759073F} = {6ACBB9BB-87E2-4CEC-A94D-C80AD1FDAD5C}
		{A431B919-785D-4131-B825-D07850BF8DBD} = {6ACBB9BB-87E2-4CEC-A94D-C80AD1FDAD5C}
		{01D86E12-8904-4720-922C-E46C1975A604} = {B8384A90-5FCB-40B6-A929-9E51BBA5C134}
		{9D9DA08D-6D3B-49D1-A116-24844568AFE0} = {B8384A90-5FCB-40B6-A929-9E51BBA5C134}
		{F7C4B3BA-4C43-4198-9AE3-2837C38F1609} = {A16A4E8D-1A71-4A8C-A33F-B1E35AD26346}
	EndGlobalSection
EndGlobal
