
Microsoft Visual Studio Solution File, Format Version 12.00
# Visual Studio 2013
VisualStudioVersion = 12.0.30501.0
MinimumVisualStudioVersion = 10.0.40219.1
Project("{FAE04EC0-301F-11D3-BF4B-00C04F79EFBC}") = "AngularJSExample", "AngularJSExample\AngularJSExample.csproj", "{85198CF8-55E3-4A24-8629-59C17DEE30B8}"
EndProject
Project("{FAE04EC0-301F-11D3-BF4B-00C04F79EFBC}") = "AngularJSExample.Tests", "AngularJSExample.Tests\AngularJSExample.Tests.csproj", "{F0F4B4B8-53AE-4384-B295-E01AA7B40E62}"
EndProject
Global
	GlobalSection(SolutionConfigurationPlatforms) = preSolution
		Debug|Any CPU = Debug|Any CPU
		Release|Any CPU = Release|Any CPU
	EndGlobalSection
	GlobalSection(ProjectConfigurationPlatforms) = postSolution
		{85198CF8-55E3-4A24-8629-59C17DEE30B8}.Debug|Any CPU.ActiveCfg = Debug|Any CPU
		{85198CF8-55E3-4A24-8629-59C17DEE30B8}.Debug|Any CPU.Build.0 = Debug|Any CPU
		{85198CF8-55E3-4A24-8629-59C17DEE30B8}.Release|Any CPU.ActiveCfg = Release|Any CPU
		{85198CF8-55E3-4A24-8629-59C17DEE30B8}.Release|Any CPU.Build.0 = Release|Any CPU
		{F0F4B4B8-53AE-4384-B295-E01AA7B40E62}.Debug|Any CPU.ActiveCfg = Debug|Any CPU
		{F0F4B4B8-53AE-4384-B295-E01AA7B40E62}.Debug|Any CPU.Build.0 = Debug|Any CPU
		{F0F4B4B8-53AE-4384-B295-E01AA7B40E62}.Release|Any CPU.ActiveCfg = Release|Any CPU
		{F0F4B4B8-53AE-4384-B295-E01AA7B40E62}.Release|Any CPU.Build.0 = Release|Any CPU
	EndGlobalSection
	GlobalSection(SolutionProperties) = preSolution
		HideSolutionNode = FALSE
	EndGlobalSection
EndGlobal
