
Microsoft Visual Studio Solution File, Format Version 12.00
# Visual Studio 2013
VisualStudioVersion = 12.0.30501.0
MinimumVisualStudioVersion = 10.0.40219.1
Project("{FAE04EC0-301F-11D3-BF4B-00C04F79EFBC}") = "MultiThreadingPractices", "MultiThreadingPractices\MultiThreadingPractices.csproj", "{982DB2D2-8C58-4DA9-ACA2-1B7644A6D72F}"
EndProject
Global
	GlobalSection(SolutionConfigurationPlatforms) = preSolution
		Debug|Any CPU = Debug|Any CPU
		Release|Any CPU = Release|Any CPU
	EndGlobalSection
	GlobalSection(ProjectConfigurationPlatforms) = postSolution
		{982DB2D2-8C58-4DA9-ACA2-1B7644A6D72F}.Debug|Any CPU.ActiveCfg = Debug|Any CPU
		{982DB2D2-8C58-4DA9-ACA2-1B7644A6D72F}.Debug|Any CPU.Build.0 = Debug|Any CPU
		{982DB2D2-8C58-4DA9-ACA2-1B7644A6D72F}.Release|Any CPU.ActiveCfg = Release|Any CPU
		{982DB2D2-8C58-4DA9-ACA2-1B7644A6D72F}.Release|Any CPU.Build.0 = Release|Any CPU
	EndGlobalSection
	GlobalSection(SolutionProperties) = preSolution
		HideSolutionNode = FALSE
	EndGlobalSection
EndGlobal
